// !$*UTF8*$!
{
	archiveVersion = 1;
	classes = {
	};
	objectVersion = 50;
	objects = {

/* Begin PBXBuildFile section */
		990D28CD221DFFA700CBFBBD /* Card.swift in Sources */ = {isa = PBXBuildFile; fileRef = 990D28CC221DFFA700CBFBBD /* Card.swift */; };
		990D28CF221E0FD700CBFBBD /* FlashcardVocab.plist in Resources */ = {isa = PBXBuildFile; fileRef = 990D28CE221E0FD700CBFBBD /* FlashcardVocab.plist */; };
		990D28D1221E1AF200CBFBBD /* DetailsViewController.swift in Sources */ = {isa = PBXBuildFile; fileRef = 990D28D0221E1AF200CBFBBD /* DetailsViewController.swift */; };
		995ED691221C8E4F000F37B5 /* AppDelegate.swift in Sources */ = {isa = PBXBuildFile; fileRef = 995ED690221C8E4F000F37B5 /* AppDelegate.swift */; };
		995ED698221C8E4F000F37B5 /* Main.storyboard in Resources */ = {isa = PBXBuildFile; fileRef = 995ED696221C8E4F000F37B5 /* Main.storyboard */; };
		995ED69A221C8E50000F37B5 /* Assets.xcassets in Resources */ = {isa = PBXBuildFile; fileRef = 995ED699221C8E50000F37B5 /* Assets.xcassets */; };
		995ED69D221C8E50000F37B5 /* LaunchScreen.storyboard in Resources */ = {isa = PBXBuildFile; fileRef = 995ED69B221C8E50000F37B5 /* LaunchScreen.storyboard */; };
		995ED6A9221C926F000F37B5 /* FlashcardTableViewController.swift in Sources */ = {isa = PBXBuildFile; fileRef = 995ED6A8221C926F000F37B5 /* FlashcardTableViewController.swift */; };
/* End PBXBuildFile section */

/* Begin PBXFileReference section */
		990D28CC221DFFA700CBFBBD /* Card.swift */ = {isa = PBXFileReference; lastKnownFileType = sourcecode.swift; path = Card.swift; sourceTree = "<group>"; };
		990D28CE221E0FD700CBFBBD /* FlashcardVocab.plist */ = {isa = PBXFileReference; lastKnownFileType = text.plist.xml; path = FlashcardVocab.plist; sourceTree = "<group>"; };
		990D28D0221E1AF200CBFBBD /* DetailsViewController.swift */ = {isa = PBXFileReference; lastKnownFileType = sourcecode.swift; path = DetailsViewController.swift; sourceTree = "<group>"; };
		995ED68D221C8E4F000F37B5 /* ProblemSet3.app */ = {isa = PBXFileReference; explicitFileType = wrapper.application; includeInIndex = 0; path = ProblemSet3.app; sourceTree = BUILT_PRODUCTS_DIR; };
		995ED690221C8E4F000F37B5 /* AppDelegate.swift */ = {isa = PBXFileReference; lastKnownFileType = sourcecode.swift; path = AppDelegate.swift; sourceTree = "<group>"; };
		995ED697221C8E4F000F37B5 /* Base */ = {isa = PBXFileReference; lastKnownFileType = file.storyboard; name = Base; path = Base.lproj/Main.storyboard; sourceTree = "<group>"; };
		995ED699221C8E50000F37B5 /* Assets.xcassets */ = {isa = PBXFileReference; lastKnownFileType = folder.assetcatalog; path = Assets.xcassets; sourceTree = "<group>"; };
		995ED69C221C8E50000F37B5 /* Base */ = {isa = PBXFileReference; lastKnownFileType = file.storyboard; name = Base; path = Base.lproj/LaunchScreen.storyboard; sourceTree = "<group>"; };
		995ED69E221C8E50000F37B5 /* Info.plist */ = {isa = PBXFileReference; lastKnownFileType = text.plist.xml; path = Info.plist; sourceTree = "<group>"; };
		995ED6A8221C926F000F37B5 /* FlashcardTableViewController.swift */ = {isa = PBXFileReference; lastKnownFileType = sourcecode.swift; path = FlashcardTableViewController.swift; sourceTree = "<group>"; };
/* End PBXFileReference section */

/* Begin PBXFrameworksBuildPhase section */
		995ED68A221C8E4F000F37B5 /* Frameworks */ = {
			isa = PBXFrameworksBuildPhase;
			buildActionMask = 2147483647;
			files = (
			);
			runOnlyForDeploymentPostprocessing = 0;
		};
/* End PBXFrameworksBuildPhase section */

/* Begin PBXGroup section */
		995ED684221C8E4F000F37B5 = {
			isa = PBXGroup;
			children = (
				995ED68F221C8E4F000F37B5 /* ProblemSet3 */,
				995ED68E221C8E4F000F37B5 /* Products */,
			);
			sourceTree = "<group>";
		};
		995ED68E221C8E4F000F37B5 /* Products */ = {
			isa = PBXGroup;
			children = (
				995ED68D221C8E4F000F37B5 /* ProblemSet3.app */,
			);
			name = Products;
			sourceTree = "<group>";
		};
		995ED68F221C8E4F000F37B5 /* ProblemSet3 */ = {
			isa = PBXGroup;
			children = (
				995ED6A7221C8E7A000F37B5 /* Controllers */,
				995ED6A6221C8E73000F37B5 /* Views */,
				995ED6A4221C8E5D000F37B5 /* Models */,
				995ED690221C8E4F000F37B5 /* AppDelegate.swift */,
				990D28CE221E0FD700CBFBBD /* FlashcardVocab.plist */,
				995ED696221C8E4F000F37B5 /* Main.storyboard */,
				995ED699221C8E50000F37B5 /* Assets.xcassets */,
				995ED69B221C8E50000F37B5 /* LaunchScreen.storyboard */,
				995ED69E221C8E50000F37B5 /* Info.plist */,
			);
			path = ProblemSet3;
			sourceTree = "<group>";
		};
		995ED6A4221C8E5D000F37B5 /* Models */ = {
			isa = PBXGroup;
			children = (
				990D28CC221DFFA700CBFBBD /* Card.swift */,
			);
			path = Models;
			sourceTree = "<group>";
		};
		995ED6A6221C8E73000F37B5 /* Views */ = {
			isa = PBXGroup;
			children = (
			);
			path = Views;
			sourceTree = "<group>";
		};
		995ED6A7221C8E7A000F37B5 /* Controllers */ = {
			isa = PBXGroup;
			children = (
				995ED6A8221C926F000F37B5 /* FlashcardTableViewController.swift */,
				990D28D0221E1AF200CBFBBD /* DetailsViewController.swift */,
			);
			path = Controllers;
			sourceTree = "<group>";
		};
/* End PBXGroup section */

/* Begin PBXNativeTarget section */
		995ED68C221C8E4F000F37B5 /* ProblemSet3 */ = {
			isa = PBXNativeTarget;
			buildConfigurationList = 995ED6A1221C8E50000F37B5 /* Build configuration list for PBXNativeTarget "ProblemSet3" */;
			buildPhases = (
				995ED689221C8E4F000F37B5 /* Sources */,
				995ED68A221C8E4F000F37B5 /* Frameworks */,
				995ED68B221C8E4F000F37B5 /* Resources */,
			);
			buildRules = (
			);
			dependencies = (
			);
			name = ProblemSet3;
			productName = ProblemSet3;
			productReference = 995ED68D221C8E4F000F37B5 /* ProblemSet3.app */;
			productType = "com.apple.product-type.application";
		};
/* End PBXNativeTarget section */

/* Begin PBXProject section */
		995ED685221C8E4F000F37B5 /* Project object */ = {
			isa = PBXProject;
			attributes = {
				LastSwiftUpdateCheck = 1010;
				LastUpgradeCheck = 1010;
				ORGANIZATIONNAME = "Blanchard, Cai";
				TargetAttributes = {
					995ED68C221C8E4F000F37B5 = {
						CreatedOnToolsVersion = 10.1;
					};
				};
			};
			buildConfigurationList = 995ED688221C8E4F000F37B5 /* Build configuration list for PBXProject "ProblemSet3" */;
			compatibilityVersion = "Xcode 9.3";
			developmentRegion = en;
			hasScannedForEncodings = 0;
			knownRegions = (
				en,
				Base,
			);
			mainGroup = 995ED684221C8E4F000F37B5;
			productRefGroup = 995ED68E221C8E4F000F37B5 /* Products */;
			projectDirPath = "";
			projectRoot = "";
			targets = (
				995ED68C221C8E4F000F37B5 /* ProblemSet3 */,
			);
		};
/* End PBXProject section */

/* Begin PBXResourcesBuildPhase section */
		995ED68B221C8E4F000F37B5 /* Resources */ = {
			isa = PBXResourcesBuildPhase;
			buildActionMask = 2147483647;
			files = (
				995ED69D221C8E50000F37B5 /* LaunchScreen.storyboard in Resources */,
				990D28CF221E0FD700CBFBBD /* FlashcardVocab.plist in Resources */,
				995ED69A221C8E50000F37B5 /* Assets.xcassets in Resources */,
				995ED698221C8E4F000F37B5 /* Main.storyboard in Resources */,
			);
			runOnlyForDeploymentPostprocessing = 0;
		};
/* End PBXResourcesBuildPhase section */

/* Begin PBXSourcesBuildPhase section */
		995ED689221C8E4F000F37B5 /* Sources */ = {
			isa = PBXSourcesBuildPhase;
			buildActionMask = 2147483647;
			files = (
				990D28CD221DFFA700CBFBBD /* Card.swift in Sources */,
				995ED6A9221C926F000F37B5 /* FlashcardTableViewController.swift in Sources */,
				990D28D1221E1AF200CBFBBD /* DetailsViewController.swift in Sources */,
				995ED691221C8E4F000F37B5 /* AppDelegate.swift in Sources */,
			);
			runOnlyForDeploymentPostprocessing = 0;
		};
/* End PBXSourcesBuildPhase section */

/* Begin PBXVariantGroup section */
		995ED696221C8E4F000F37B5 /* Main.storyboard */ = {
			isa = PBXVariantGroup;
			children = (
				995ED697221C8E4F000F37B5 /* Base */,
			);
			name = Main.storyboard;
			sourceTree = "<group>";
		};
		995ED69B221C8E50000F37B5 /* LaunchScreen.storyboard */ = {
			isa = PBXVariantGroup;
			children = (
				995ED69C221C8E50000F37B5 /* Base */,
			);
			name = LaunchScreen.storyboard;
			sourceTree = "<group>";
		};
/* End PBXVariantGroup section */

/* Begin XCBuildConfiguration section */
		995ED69F221C8E50000F37B5 /* Debug */ = {
			isa = XCBuildConfiguration;
			buildSettings = {
				ALWAYS_SEARCH_USER_PATHS = NO;
				CLANG_ANALYZER_NONNULL = YES;
				CLANG_ANALYZER_NUMBER_OBJECT_CONVERSION = YES_AGGRESSIVE;
				CLANG_CXX_LANGUAGE_STANDARD = "gnu++14";
				CLANG_CXX_LIBRARY = "libc++";
				CLANG_ENABLE_MODULES = YES;
				CLANG_ENABLE_OBJC_ARC = YES;
				CLANG_ENABLE_OBJC_WEAK = YES;
				CLANG_WARN_BLOCK_CAPTURE_AUTORELEASING = YES;
				CLANG_WARN_BOOL_CONVERSION = YES;
				CLANG_WARN_COMMA = YES;
				CLANG_WARN_CONSTANT_CONVERSION = YES;
				CLANG_WARN_DEPRECATED_OBJC_IMPLEMENTATIONS = YES;
				CLANG_WARN_DIRECT_OBJC_ISA_USAGE = YES_ERROR;
				CLANG_WARN_DOCUMENTATION_COMMENTS = YES;
				CLANG_WARN_EMPTY_BODY = YES;
				CLANG_WARN_ENUM_CONVERSION = YES;
				CLANG_WARN_INFINITE_RECURSION = YES;
				CLANG_WARN_INT_CONVERSION = YES;
				CLANG_WARN_NON_LITERAL_NULL_CONVERSION = YES;
				CLANG_WARN_OBJC_IMPLICIT_RETAIN_SELF = YES;
				CLANG_WARN_OBJC_LITERAL_CONVERSION = YES;
				CLANG_WARN_OBJC_ROOT_CLASS = YES_ERROR;
				CLANG_WARN_RANGE_LOOP_ANALYSIS = YES;
				CLANG_WARN_STRICT_PROTOTYPES = YES;
				CLANG_WARN_SUSPICIOUS_MOVE = YES;
				CLANG_WARN_UNGUARDED_AVAILABILITY = YES_AGGRESSIVE;
				CLANG_WARN_UNREACHABLE_CODE = YES;
				CLANG_WARN__DUPLICATE_METHOD_MATCH = YES;
				CODE_SIGN_IDENTITY = "iPhone Developer";
				COPY_PHASE_STRIP = NO;
				DEBUG_INFORMATION_FORMAT = dwarf;
				ENABLE_STRICT_OBJC_MSGSEND = YES;
				ENABLE_TESTABILITY = YES;
				GCC_C_LANGUAGE_STANDARD = gnu11;
				GCC_DYNAMIC_NO_PIC = NO;
				GCC_NO_COMMON_BLOCKS = YES;
				GCC_OPTIMIZATION_LEVEL = 0;
				GCC_PREPROCESSOR_DEFINITIONS = (
					"DEBUG=1",
					"$(inherited)",
				);
				GCC_WARN_64_TO_32_BIT_CONVERSION = YES;
				GCC_WARN_ABOUT_RETURN_TYPE = YES_ERROR;
				GCC_WARN_UNDECLARED_SELECTOR = YES;
				GCC_WARN_UNINITIALIZED_AUTOS = YES_AGGRESSIVE;
				GCC_WARN_UNUSED_FUNCTION = YES;
				GCC_WARN_UNUSED_VARIABLE = YES;
				IPHONEOS_DEPLOYMENT_TARGET = 12.1;
				MTL_ENABLE_DEBUG_INFO = INCLUDE_SOURCE;
				MTL_FAST_MATH = YES;
				ONLY_ACTIVE_ARCH = YES;
				SDKROOT = iphoneos;
				SWIFT_ACTIVE_COMPILATION_CONDITIONS = DEBUG;
				SWIFT_OPTIMIZATION_LEVEL = "-Onone";
			};
			name = Debug;
		};
		995ED6A0221C8E50000F37B5 /* Release */ = {
			isa = XCBuildConfiguration;
			buildSettings = {
				ALWAYS_SEARCH_USER_PATHS = NO;
				CLANG_ANALYZER_NONNULL = YES;
				CLANG_ANALYZER_NUMBER_OBJECT_CONVERSION = YES_AGGRESSIVE;
				CLANG_CXX_LANGUAGE_STANDARD = "gnu++14";
				CLANG_CXX_LIBRARY = "libc++";
				CLANG_ENABLE_MODULES = YES;
				CLANG_ENABLE_OBJC_ARC = YES;
				CLANG_ENABLE_OBJC_WEAK = YES;
				CLANG_WARN_BLOCK_CAPTURE_AUTORELEASING = YES;
				CLANG_WARN_BOOL_CONVERSION = YES;
				CLANG_WARN_COMMA = YES;
				CLANG_WARN_CONSTANT_CONVERSION = YES;
				CLANG_WARN_DEPRECATED_OBJC_IMPLEMENTATIONS = YES;
				CLANG_WARN_DIRECT_OBJC_ISA_USAGE = YES_ERROR;
				CLANG_WARN_DOCUMENTATION_COMMENTS = YES;
				CLANG_WARN_EMPTY_BODY = YES;
				CLANG_WARN_ENUM_CONVERSION = YES;
				CLANG_WARN_INFINITE_RECURSION = YES;
				CLANG_WARN_INT_CONVERSION = YES;
				CLANG_WARN_NON_LITERAL_NULL_CONVERSION = YES;
				CLANG_WARN_OBJC_IMPLICIT_RETAIN_SELF = YES;
				CLANG_WARN_OBJC_LITERAL_CONVERSION = YES;
				CLANG_WARN_OBJC_ROOT_CLASS = YES_ERROR;
				CLANG_WARN_RANGE_LOOP_ANALYSIS = YES;
				CLANG_WARN_STRICT_PROTOTYPES = YES;
				CLANG_WARN_SUSPICIOUS_MOVE = YES;
				CLANG_WARN_UNGUARDED_AVAILABILITY = YES_AGGRESSIVE;
				CLANG_WARN_UNREACHABLE_CODE = YES;
				CLANG_WARN__DUPLICATE_METHOD_MATCH = YES;
				CODE_SIGN_IDENTITY = "iPhone Developer";
				COPY_PHASE_STRIP = NO;
				DEBUG_INFORMATION_FORMAT = "dwarf-with-dsym";
				ENABLE_NS_ASSERTIONS = NO;
				ENABLE_STRICT_OBJC_MSGSEND = YES;
				GCC_C_LANGUAGE_STANDARD = gnu11;
				GCC_NO_COMMON_BLOCKS = YES;
				GCC_WARN_64_TO_32_BIT_CONVERSION = YES;
				GCC_WARN_ABOUT_RETURN_TYPE = YES_ERROR;
				GCC_WARN_UNDECLARED_SELECTOR = YES;
				GCC_WARN_UNINITIALIZED_AUTOS = YES_AGGRESSIVE;
				GCC_WARN_UNUSED_FUNCTION = YES;
				GCC_WARN_UNUSED_VARIABLE = YES;
				IPHONEOS_DEPLOYMENT_TARGET = 12.1;
				MTL_ENABLE_DEBUG_INFO = NO;
				MTL_FAST_MATH = YES;
				SDKROOT = iphoneos;
				SWIFT_COMPILATION_MODE = wholemodule;
				SWIFT_OPTIMIZATION_LEVEL = "-O";
				VALIDATE_PRODUCT = YES;
			};
			name = Release;
		};
		995ED6A2221C8E50000F37B5 /* Debug */ = {
			isa = XCBuildConfiguration;
			buildSettings = {
				ASSETCATALOG_COMPILER_APPICON_NAME = AppIcon;
				CODE_SIGN_STYLE = Automatic;
				INFOPLIST_FILE = ProblemSet3/Info.plist;
				LD_RUNPATH_SEARCH_PATHS = (
					"$(inherited)",
					"@executable_path/Frameworks",
				);
				PRODUCT_BUNDLE_IDENTIFIER = yes.ProblemSet3;
				PRODUCT_NAME = "$(TARGET_NAME)";
				SWIFT_VERSION = 4.2;
				TARGETED_DEVICE_FAMILY = "1,2";
			};
			name = Debug;
		};
		995ED6A3221C8E50000F37B5 /* Release */ = {
			isa = XCBuildConfiguration;
			buildSettings = {
				ASSETCATALOG_COMPILER_APPICON_NAME = AppIcon;
				CODE_SIGN_STYLE = Automatic;
				INFOPLIST_FILE = ProblemSet3/Info.plist;
				LD_RUNPATH_SEARCH_PATHS = (
					"$(inherited)",
					"@executable_path/Frameworks",
				);
				PRODUCT_BUNDLE_IDENTIFIER = yes.ProblemSet3;
				PRODUCT_NAME = "$(TARGET_NAME)";
				SWIFT_VERSION = 4.2;
				TARGETED_DEVICE_FAMILY = "1,2";
			};
			name = Release;
		};
/* End XCBuildConfiguration section */

/* Begin XCConfigurationList section */
		995ED688221C8E4F000F37B5 /* Build configuration list for PBXProject "ProblemSet3" */ = {
			isa = XCConfigurationList;
			buildConfigurations = (
				995ED69F221C8E50000F37B5 /* Debug */,
				995ED6A0221C8E50000F37B5 /* Release */,
			);
			defaultConfigurationIsVisible = 0;
			defaultConfigurationName = Release;
		};
		995ED6A1221C8E50000F37B5 /* Build configuration list for PBXNativeTarget "ProblemSet3" */ = {
			isa = XCConfigurationList;
			buildConfigurations = (
				995ED6A2221C8E50000F37B5 /* Debug */,
				995ED6A3221C8E50000F37B5 /* Release */,
			);
			defaultConfigurationIsVisible = 0;
			defaultConfigurationName = Release;
		};
/* End XCConfigurationList section */
	};
	rootObject = 995ED685221C8E4F000F37B5 /* Project object */;
}
